
Microsoft Visual Studio Solution File, Format Version 12.00
# Visual Studio Version 17
VisualStudioVersion = 17.10.34928.147
MinimumVisualStudioVersion = 10.0.40219.1
Project("{FAE04EC0-301F-11D3-BF4B-00C04F79EFBC}") = "MoviesSite", "MoviesSite\MoviesSite.csproj", "{2C51D4B9-B021-4B31-B534-4076F3A9511C}"
EndProject
Global
	GlobalSection(SolutionConfigurationPlatforms) = preSolution
		Debug|Any CPU = Debug|Any CPU
		Release|Any CPU = Release|Any CPU
	EndGlobalSection
	GlobalSection(ProjectConfigurationPlatforms) = postSolution
		{2C51D4B9-B021-4B31-B534-4076F3A9511C}.Debug|Any CPU.ActiveCfg = Debug|Any CPU
		{2C51D4B9-B021-4B31-B534-4076F3A9511C}.Debug|Any CPU.Build.0 = Debug|Any CPU
		{2C51D4B9-B021-4B31-B534-4076F3A9511C}.Release|Any CPU.ActiveCfg = Release|Any CPU
		{2C51D4B9-B021-4B31-B534-4076F3A9511C}.Release|Any CPU.Build.0 = Release|Any CPU
	EndGlobalSection
	GlobalSection(SolutionProperties) = preSolution
		HideSolutionNode = FALSE
	EndGlobalSection
	GlobalSection(ExtensibilityGlobals) = postSolution
		SolutionGuid = {35C0AD62-E280-456D-90EC-28736F63BAAB}
	EndGlobalSection
EndGlobal
